// !$*UTF8*$!
{
	archiveVersion = 1;
	classes = {
	};
	objectVersion = 46;
	objects = {

/* Begin PBXBuildFile section */
		18661EDD1AB0C85700E96FD4 /* main.m in Sources */ = {isa = PBXBuildFile; fileRef = 18661EDC1AB0C85700E96FD4 /* main.m */; };
		18661EE01AB0C85700E96FD4 /* AppDelegate.m in Sources */ = {isa = PBXBuildFile; fileRef = 18661EDF1AB0C85700E96FD4 /* AppDelegate.m */; };
		18661EE31AB0C85700E96FD4 /* RootViewController.m in Sources */ = {isa = PBXBuildFile; fileRef = 18661EE21AB0C85700E96FD4 /* RootViewController.m */; };
		18661EE61AB0C85700E96FD4 /* Main.storyboard in Resources */ = {isa = PBXBuildFile; fileRef = 18661EE41AB0C85700E96FD4 /* Main.storyboard */; };
		18661EE81AB0C85700E96FD4 /* Images.xcassets in Resources */ = {isa = PBXBuildFile; fileRef = 18661EE71AB0C85700E96FD4 /* Images.xcassets */; };
		18661EEB1AB0C85700E96FD4 /* LaunchScreen.xib in Resources */ = {isa = PBXBuildFile; fileRef = 18661EE91AB0C85700E96FD4 /* LaunchScreen.xib */; };
		18661EF71AB0C85700E96FD4 /* MySafariTests.m in Sources */ = {isa = PBXBuildFile; fileRef = 18661EF61AB0C85700E96FD4 /* MySafariTests.m */; };
/* End PBXBuildFile section */

/* Begin PBXContainerItemProxy section */
		18661EF11AB0C85700E96FD4 /* PBXContainerItemProxy */ = {
			isa = PBXContainerItemProxy;
			containerPortal = 18661ECF1AB0C85700E96FD4 /* Project object */;
			proxyType = 1;
			remoteGlobalIDString = 18661ED61AB0C85700E96FD4;
			remoteInfo = MySafari;
		};
/* End PBXContainerItemProxy section */

/* Begin PBXFileReference section */
		18661ED71AB0C85700E96FD4 /* MySafari.app */ = {isa = PBXFileReference; explicitFileType = wrapper.application; includeInIndex = 0; path = MySafari.app; sourceTree = BUILT_PRODUCTS_DIR; };
		18661EDB1AB0C85700E96FD4 /* Info.plist */ = {isa = PBXFileReference; lastKnownFileType = text.plist.xml; path = Info.plist; sourceTree = "<group>"; };
		18661EDC1AB0C85700E96FD4 /* main.m */ = {isa = PBXFileReference; lastKnownFileType = sourcecode.c.objc; path = main.m; sourceTree = "<group>"; };
		18661EDE1AB0C85700E96FD4 /* AppDelegate.h */ = {isa = PBXFileReference; lastKnownFileType = sourcecode.c.h; path = AppDelegate.h; sourceTree = "<group>"; };
		18661EDF1AB0C85700E96FD4 /* AppDelegate.m */ = {isa = PBXFileReference; lastKnownFileType = sourcecode.c.objc; path = AppDelegate.m; sourceTree = "<group>"; };
		18661EE11AB0C85700E96FD4 /* RootViewController.h */ = {isa = PBXFileReference; lastKnownFileType = sourcecode.c.h; path = RootViewController.h; sourceTree = "<group>"; };
		18661EE21AB0C85700E96FD4 /* RootViewController.m */ = {isa = PBXFileReference; lastKnownFileType = sourcecode.c.objc; path = RootViewController.m; sourceTree = "<group>"; };
		18661EE51AB0C85700E96FD4 /* Base */ = {isa = PBXFileReference; lastKnownFileType = file.storyboard; name = Base; path = Base.lproj/Main.storyboard; sourceTree = "<group>"; };
		18661EE71AB0C85700E96FD4 /* Images.xcassets */ = {isa = PBXFileReference; lastKnownFileType = folder.assetcatalog; path = Images.xcassets; sourceTree = "<group>"; };
		18661EEA1AB0C85700E96FD4 /* Base */ = {isa = PBXFileReference; lastKnownFileType = file.xib; name = Base; path = Base.lproj/LaunchScreen.xib; sourceTree = "<group>"; };
		18661EF01AB0C85700E96FD4 /* MySafariTests.xctest */ = {isa = PBXFileReference; explicitFileType = wrapper.cfbundle; includeInIndex = 0; path = MySafariTests.xctest; sourceTree = BUILT_PRODUCTS_DIR; };
		18661EF51AB0C85700E96FD4 /* Info.plist */ = {isa = PBXFileReference; lastKnownFileType = text.plist.xml; path = Info.plist; sourceTree = "<group>"; };
		18661EF61AB0C85700E96FD4 /* MySafariTests.m */ = {isa = PBXFileReference; lastKnownFileType = sourcecode.c.objc; path = MySafariTests.m; sourceTree = "<group>"; };
/* End PBXFileReference section */

/* Begin PBXFrameworksBuildPhase section */
		18661ED41AB0C85700E96FD4 /* Frameworks */ = {
			isa = PBXFrameworksBuildPhase;
			buildActionMask = 2147483647;
			files = (
			);
			runOnlyForDeploymentPostprocessing = 0;
		};
		18661EED1AB0C85700E96FD4 /* Frameworks */ = {
			isa = PBXFrameworksBuildPhase;
			buildActionMask = 2147483647;
			files = (
			);
			runOnlyForDeploymentPostprocessing = 0;
		};
/* End PBXFrameworksBuildPhase section */

/* Begin PBXGroup section */
		18661ECE1AB0C85700E96FD4 = {
			isa = PBXGroup;
			children = (
				18661ED91AB0C85700E96FD4 /* MySafari */,
				18661EF31AB0C85700E96FD4 /* MySafariTests */,
				18661ED81AB0C85700E96FD4 /* Products */,
			);
			sourceTree = "<group>";
		};
		18661ED81AB0C85700E96FD4 /* Products */ = {
			isa = PBXGroup;
			children = (
				18661ED71AB0C85700E96FD4 /* MySafari.app */,
				18661EF01AB0C85700E96FD4 /* MySafariTests.xctest */,
			);
			name = Products;
			sourceTree = "<group>";
		};
		18661ED91AB0C85700E96FD4 /* MySafari */ = {
			isa = PBXGroup;
			children = (
				18661EDE1AB0C85700E96FD4 /* AppDelegate.h */,
				18661EDF1AB0C85700E96FD4 /* AppDelegate.m */,
				18661EE11AB0C85700E96FD4 /* RootViewController.h */,
				18661EE21AB0C85700E96FD4 /* RootViewController.m */,
				18661EE41AB0C85700E96FD4 /* Main.storyboard */,
				18661EE71AB0C85700E96FD4 /* Images.xcassets */,
				18661EE91AB0C85700E96FD4 /* LaunchScreen.xib */,
				18661EDA1AB0C85700E96FD4 /* Supporting Files */,
			);
			path = MySafari;
			sourceTree = "<group>";
		};
		18661EDA1AB0C85700E96FD4 /* Supporting Files */ = {
			isa = PBXGroup;
			children = (
				18661EDB1AB0C85700E96FD4 /* Info.plist */,
				18661EDC1AB0C85700E96FD4 /* main.m */,
			);
			name = "Supporting Files";
			sourceTree = "<group>";
		};
		18661EF31AB0C85700E96FD4 /* MySafariTests */ = {
			isa = PBXGroup;
			children = (
				18661EF61AB0C85700E96FD4 /* MySafariTests.m */,
				18661EF41AB0C85700E96FD4 /* Supporting Files */,
			);
			path = MySafariTests;
			sourceTree = "<group>";
		};
		18661EF41AB0C85700E96FD4 /* Supporting Files */ = {
			isa = PBXGroup;
			children = (
				18661EF51AB0C85700E96FD4 /* Info.plist */,
			);
			name = "Supporting Files";
			sourceTree = "<group>";
		};
/* End PBXGroup section */

/* Begin PBXNativeTarget section */
		18661ED61AB0C85700E96FD4 /* MySafari */ = {
			isa = PBXNativeTarget;
			buildConfigurationList = 18661EFA1AB0C85700E96FD4 /* Build configuration list for PBXNativeTarget "MySafari" */;
			buildPhases = (
				18661ED31AB0C85700E96FD4 /* Sources */,
				18661ED41AB0C85700E96FD4 /* Frameworks */,
				18661ED51AB0C85700E96FD4 /* Resources */,
			);
			buildRules = (
			);
			dependencies = (
			);
			name = MySafari;
			productName = MySafari;
			productReference = 18661ED71AB0C85700E96FD4 /* MySafari.app */;
			productType = "com.apple.product-type.application";
		};
		18661EEF1AB0C85700E96FD4 /* MySafariTests */ = {
			isa = PBXNativeTarget;
			buildConfigurationList = 18661EFD1AB0C85700E96FD4 /* Build configuration list for PBXNativeTarget "MySafariTests" */;
			buildPhases = (
				18661EEC1AB0C85700E96FD4 /* Sources */,
				18661EED1AB0C85700E96FD4 /* Frameworks */,
				18661EEE1AB0C85700E96FD4 /* Resources */,
			);
			buildRules = (
			);
			dependencies = (
				18661EF21AB0C85700E96FD4 /* PBXTargetDependency */,
			);
			name = MySafariTests;
			productName = MySafariTests;
			productReference = 18661EF01AB0C85700E96FD4 /* MySafariTests.xctest */;
			productType = "com.apple.product-type.bundle.unit-test";
		};
/* End PBXNativeTarget section */

/* Begin PBXProject section */
		18661ECF1AB0C85700E96FD4 /* Project object */ = {
			isa = PBXProject;
			attributes = {
				LastUpgradeCheck = 0610;
				ORGANIZATIONNAME = "Sherrie Jones";
				TargetAttributes = {
					18661ED61AB0C85700E96FD4 = {
						CreatedOnToolsVersion = 6.1.1;
					};
					18661EEF1AB0C85700E96FD4 = {
						CreatedOnToolsVersion = 6.1.1;
						TestTargetID = 18661ED61AB0C85700E96FD4;
					};
				};
			};
			buildConfigurationList = 18661ED21AB0C85700E96FD4 /* Build configuration list for PBXProject "MySafari" */;
			compatibilityVersion = "Xcode 3.2";
			developmentRegion = English;
			hasScannedForEncodings = 0;
			knownRegions = (
				en,
				Base,
			);
			mainGroup = 18661ECE1AB0C85700E96FD4;
			productRefGroup = 18661ED81AB0C85700E96FD4 /* Products */;
			projectDirPath = "";
			projectRoot = "";
			targets = (
				18661ED61AB0C85700E96FD4 /* MySafari */,
				18661EEF1AB0C85700E96FD4 /* MySafariTests */,
			);
		};
/* End PBXProject section */

/* Begin PBXResourcesBuildPhase section */
		18661ED51AB0C85700E96FD4 /* Resources */ = {
			isa = PBXResourcesBuildPhase;
			buildActionMask = 2147483647;
			files = (
				18661EE61AB0C85700E96FD4 /* Main.storyboard in Resources */,
				18661EEB1AB0C85700E96FD4 /* LaunchScreen.xib in Resources */,
				18661EE81AB0C85700E96FD4 /* Images.xcassets in Resources */,
			);
			runOnlyForDeploymentPostprocessing = 0;
		};
		18661EEE1AB0C85700E96FD4 /* Resources */ = {
			isa = PBXResourcesBuildPhase;
			buildActionMask = 2147483647;
			files = (
			);
			runOnlyForDeploymentPostprocessing = 0;
		};
/* End PBXResourcesBuildPhase section */

/* Begin PBXSourcesBuildPhase section */
		18661ED31AB0C85700E96FD4 /* Sources */ = {
			isa = PBXSourcesBuildPhase;
			buildActionMask = 2147483647;
			files = (
				18661EE31AB0C85700E96FD4 /* RootViewController.m in Sources */,
				18661EE01AB0C85700E96FD4 /* AppDelegate.m in Sources */,
				18661EDD1AB0C85700E96FD4 /* main.m in Sources */,
			);
			runOnlyForDeploymentPostprocessing = 0;
		};
		18661EEC1AB0C85700E96FD4 /* Sources */ = {
			isa = PBXSourcesBuildPhase;
			buildActionMask = 2147483647;
			files = (
				18661EF71AB0C85700E96FD4 /* MySafariTests.m in Sources */,
			);
			runOnlyForDeploymentPostprocessing = 0;
		};
/* End PBXSourcesBuildPhase section */

/* Begin PBXTargetDependency section */
		18661EF21AB0C85700E96FD4 /* PBXTargetDependency */ = {
			isa = PBXTargetDependency;
			target = 18661ED61AB0C85700E96FD4 /* MySafari */;
			targetProxy = 18661EF11AB0C85700E96FD4 /* PBXContainerItemProxy */;
		};
/* End PBXTargetDependency section */

/* Begin PBXVariantGroup section */
		18661EE41AB0C85700E96FD4 /* Main.storyboard */ = {
			isa = PBXVariantGroup;
			children = (
				18661EE51AB0C85700E96FD4 /* Base */,
			);
			name = Main.storyboard;
			sourceTree = "<group>";
		};
		18661EE91AB0C85700E96FD4 /* LaunchScreen.xib */ = {
			isa = PBXVariantGroup;
			children = (
				18661EEA1AB0C85700E96FD4 /* Base */,
			);
			name = LaunchScreen.xib;
			sourceTree = "<group>";
		};
/* End PBXVariantGroup section */

/* Begin XCBuildConfiguration section */
		18661EF81AB0C85700E96FD4 /* Debug */ = {
			isa = XCBuildConfiguration;
			buildSettings = {
				ALWAYS_SEARCH_USER_PATHS = NO;
				CLANG_CXX_LANGUAGE_STANDARD = "gnu++0x";
				CLANG_CXX_LIBRARY = "libc++";
				CLANG_ENABLE_MODULES = YES;
				CLANG_ENABLE_OBJC_ARC = YES;
				CLANG_WARN_BOOL_CONVERSION = YES;
				CLANG_WARN_CONSTANT_CONVERSION = YES;
				CLANG_WARN_DIRECT_OBJC_ISA_USAGE = YES_ERROR;
				CLANG_WARN_EMPTY_BODY = YES;
				CLANG_WARN_ENUM_CONVERSION = YES;
				CLANG_WARN_INT_CONVERSION = YES;
				CLANG_WARN_OBJC_ROOT_CLASS = YES_ERROR;
				CLANG_WARN_UNREACHABLE_CODE = YES;
				CLANG_WARN__DUPLICATE_METHOD_MATCH = YES;
				"CODE_SIGN_IDENTITY[sdk=iphoneos*]" = "iPhone Developer";
				COPY_PHASE_STRIP = NO;
				ENABLE_STRICT_OBJC_MSGSEND = YES;
				GCC_C_LANGUAGE_STANDARD = gnu99;
				GCC_DYNAMIC_NO_PIC = NO;
				GCC_OPTIMIZATION_LEVEL = 0;
				GCC_PREPROCESSOR_DEFINITIONS = (
					"DEBUG=1",
					"$(inherited)",
				);
				GCC_SYMBOLS_PRIVATE_EXTERN = NO;
				GCC_WARN_64_TO_32_BIT_CONVERSION = YES;
				GCC_WARN_ABOUT_RETURN_TYPE = YES_ERROR;
				GCC_WARN_UNDECLARED_SELECTOR = YES;
				GCC_WARN_UNINITIALIZED_AUTOS = YES_AGGRESSIVE;
				GCC_WARN_UNUSED_FUNCTION = YES;
				GCC_WARN_UNUSED_VARIABLE = YES;
				IPHONEOS_DEPLOYMENT_TARGET = 8.1;
				MTL_ENABLE_DEBUG_INFO = YES;
				ONLY_ACTIVE_ARCH = YES;
				SDKROOT = iphoneos;
			};
			name = Debug;
		};
		18661EF91AB0C85700E96FD4 /* Release */ = {
			isa = XCBuildConfiguration;
			buildSettings = {
				ALWAYS_SEARCH_USER_PATHS = NO;
				CLANG_CXX_LANGUAGE_STANDARD = "gnu++0x";
				CLANG_CXX_LIBRARY = "libc++";
				CLANG_ENABLE_MODULES = YES;
				CLANG_ENABLE_OBJC_ARC = YES;
				CLANG_WARN_BOOL_CONVERSION = YES;
				CLANG_WARN_CONSTANT_CONVERSION = YES;
				CLANG_WARN_DIRECT_OBJC_ISA_USAGE = YES_ERROR;
				CLANG_WARN_EMPTY_BODY = YES;
				CLANG_WARN_ENUM_CONVERSION = YES;
				CLANG_WARN_INT_CONVERSION = YES;
				CLANG_WARN_OBJC_ROOT_CLASS = YES_ERROR;
				CLANG_WARN_UNREACHABLE_CODE = YES;
				CLANG_WARN__DUPLICATE_METHOD_MATCH = YES;
				"CODE_SIGN_IDENTITY[sdk=iphoneos*]" = "iPhone Developer";
				COPY_PHASE_STRIP = YES;
				ENABLE_NS_ASSERTIONS = NO;
				ENABLE_STRICT_OBJC_MSGSEND = YES;
				GCC_C_LANGUAGE_STANDARD = gnu99;
				GCC_WARN_64_TO_32_BIT_CONVERSION = YES;
				GCC_WARN_ABOUT_RETURN_TYPE = YES_ERROR;
				GCC_WARN_UNDECLARED_SELECTOR = YES;
				GCC_WARN_UNINITIALIZED_AUTOS = YES_AGGRESSIVE;
				GCC_WARN_UNUSED_FUNCTION = YES;
				GCC_WARN_UNUSED_VARIABLE = YES;
				IPHONEOS_DEPLOYMENT_TARGET = 8.1;
				MTL_ENABLE_DEBUG_INFO = NO;
				SDKROOT = iphoneos;
				VALIDATE_PRODUCT = YES;
			};
			name = Release;
		};
		18661EFB1AB0C85700E96FD4 /* Debug */ = {
			isa = XCBuildConfiguration;
			buildSettings = {
				ASSETCATALOG_COMPILER_APPICON_NAME = AppIcon;
				INFOPLIST_FILE = MySafari/Info.plist;
				LD_RUNPATH_SEARCH_PATHS = "$(inherited) @executable_path/Frameworks";
				PRODUCT_NAME = "$(TARGET_NAME)";
			};
			name = Debug;
		};
		18661EFC1AB0C85700E96FD4 /* Release */ = {
			isa = XCBuildConfiguration;
			buildSettings = {
				ASSETCATALOG_COMPILER_APPICON_NAME = AppIcon;
				INFOPLIST_FILE = MySafari/Info.plist;
				LD_RUNPATH_SEARCH_PATHS = "$(inherited) @executable_path/Frameworks";
				PRODUCT_NAME = "$(TARGET_NAME)";
			};
			name = Release;
		};
		18661EFE1AB0C85700E96FD4 /* Debug */ = {
			isa = XCBuildConfiguration;
			buildSettings = {
				BUNDLE_LOADER = "$(TEST_HOST)";
				FRAMEWORK_SEARCH_PATHS = (
					"$(SDKROOT)/Developer/Library/Frameworks",
					"$(inherited)",
				);
				GCC_PREPROCESSOR_DEFINITIONS = (
					"DEBUG=1",
					"$(inherited)",
				);
				INFOPLIST_FILE = MySafariTests/Info.plist;
				LD_RUNPATH_SEARCH_PATHS = "$(inherited) @executable_path/Frameworks @loader_path/Frameworks";
				PRODUCT_NAME = "$(TARGET_NAME)";
				TEST_HOST = "$(BUILT_PRODUCTS_DIR)/MySafari.app/MySafari";
			};
			name = Debug;
		};
		18661EFF1AB0C85700E96FD4 /* Release */ = {
			isa = XCBuildConfiguration;
			buildSettings = {
				BUNDLE_LOADER = "$(TEST_HOST)";
				FRAMEWORK_SEARCH_PATHS = (
					"$(SDKROOT)/Developer/Library/Frameworks",
					"$(inherited)",
				);
				INFOPLIST_FILE = MySafariTests/Info.plist;
				LD_RUNPATH_SEARCH_PATHS = "$(inherited) @executable_path/Frameworks @loader_path/Frameworks";
				PRODUCT_NAME = "$(TARGET_NAME)";
				TEST_HOST = "$(BUILT_PRODUCTS_DIR)/MySafari.app/MySafari";
			};
			name = Release;
		};
/* End XCBuildConfiguration section */

/* Begin XCConfigurationList section */
		18661ED21AB0C85700E96FD4 /* Build configuration list for PBXProject "MySafari" */ = {
			isa = XCConfigurationList;
			buildConfigurations = (
				18661EF81AB0C85700E96FD4 /* Debug */,
				18661EF91AB0C85700E96FD4 /* Release */,
			);
			defaultConfigurationIsVisible = 0;
			defaultConfigurationName = Release;
		};
		18661EFA1AB0C85700E96FD4 /* Build configuration list for PBXNativeTarget "MySafari" */ = {
			isa = XCConfigurationList;
			buildConfigurations = (
				18661EFB1AB0C85700E96FD4 /* Debug */,
				18661EFC1AB0C85700E96FD4 /* Release */,
			);
			defaultConfigurationIsVisible = 0;
		};
		18661EFD1AB0C85700E96FD4 /* Build configuration list for PBXNativeTarget "MySafariTests" */ = {
			isa = XCConfigurationList;
			buildConfigurations = (
				18661EFE1AB0C85700E96FD4 /* Debug */,
				18661EFF1AB0C85700E96FD4 /* Release */,
			);
			defaultConfigurationIsVisible = 0;
		};
/* End XCConfigurationList section */
	};
	rootObject = 18661ECF1AB0C85700E96FD4 /* Project object */;
}
